# @generated - this file is auto-generated by `mise lock` https://mise.en.dev/dev-tools/mise-lock.html

[[tools."aqua:gohugoio/hugo"]]
version = "0.163.3"
backend = "aqua:gohugoio/hugo"

[tools."aqua:gohugoio/hugo"."platforms.linux-arm64"]
checksum = "sha256:a4185cf0308ff3a61a2828563f70f476fcef30d02e9b00fb562eb1bd085195a5"
url = "https://github.com/gohugoio/hugo/releases/download/v0.163.3/hugo_0.163.3_linux-arm64.tar.gz"

[tools."aqua:gohugoio/hugo"."platforms.linux-arm64-musl"]
checksum = "sha256:a4185cf0308ff3a61a2828563f70f476fcef30d02e9b00fb562eb1bd085195a5"
url = "https://github.com/gohugoio/hugo/releases/download/v0.163.3/hugo_0.163.3_linux-arm64.tar.gz"

[tools."aqua:gohugoio/hugo"."platforms.linux-x64"]
checksum = "sha256:ec422258f9a4ffc241de8707297e32311cd86fcc9b2813632617ff4d44935d91"
url = "https://github.com/gohugoio/hugo/releases/download/v0.163.3/hugo_0.163.3_linux-amd64.tar.gz"

[tools."aqua:gohugoio/hugo"."platforms.linux-x64-musl"]
checksum = "sha256:ec422258f9a4ffc241de8707297e32311cd86fcc9b2813632617ff4d44935d91"
url = "https://github.com/gohugoio/hugo/releases/download/v0.163.3/hugo_0.163.3_linux-amd64.tar.gz"

[tools."aqua:gohugoio/hugo"."platforms.macos-arm64"]
checksum = "sha256:a59f749a6dbf613da9ec9c51ab670add0ca72b7eed6590bbff779a6fd6b70f0c"
url = "https://github.com/gohugoio/hugo/releases/download/v0.163.3/hugo_0.163.3_darwin-universal.pkg"

[tools."aqua:gohugoio/hugo"."platforms.macos-x64"]
checksum = "sha256:a59f749a6dbf613da9ec9c51ab670add0ca72b7eed6590bbff779a6fd6b70f0c"
url = "https://github.com/gohugoio/hugo/releases/download/v0.163.3/hugo_0.163.3_darwin-universal.pkg"

[tools."aqua:gohugoio/hugo"."platforms.windows-x64"]
checksum = "sha256:f330476374b604d3bc0e33a929ff476e9623bc62938f16846e832620545cd705"
url = "https://github.com/gohugoio/hugo/releases/download/v0.163.3/hugo_0.163.3_windows-amd64.zip"
